
Microsoft Visual Studio Solution File, Format Version 12.00
# Visual Studio Version 17
VisualStudioVersion = 17.9.34622.214
MinimumVisualStudioVersion = 10.0.40219.1
Project("{FAE04EC0-301F-11D3-BF4B-00C04F79EFBC}") = "Server", "Server\Server.csproj", "{A02DD48D-D9E9-438D-A202-2044012EFC2D}"
EndProject
Global
	GlobalSection(SolutionConfigurationPlatforms) = preSolution
		Debug|Any CPU = Debug|Any CPU
		Release|Any CPU = Release|Any CPU
	EndGlobalSection
	GlobalSection(ProjectConfigurationPlatforms) = postSolution
		{A02DD48D-D9E9-438D-A202-2044012EFC2D}.Debug|Any CPU.ActiveCfg = Debug|Any CPU
		{A02DD48D-D9E9-438D-A202-2044012EFC2D}.Debug|Any CPU.Build.0 = Debug|Any CPU
		{A02DD48D-D9E9-438D-A202-2044012EFC2D}.Release|Any CPU.ActiveCfg = Release|Any CPU
		{A02DD48D-D9E9-438D-A202-2044012EFC2D}.Release|Any CPU.Build.0 = Release|Any CPU
	EndGlobalSection
	GlobalSection(SolutionProperties) = preSolution
		HideSolutionNode = FALSE
	EndGlobalSection
	GlobalSection(ExtensibilityGlobals) = postSolution
		SolutionGuid = {E7D1B049-AB89-481F-83B6-FC167963A32B}
	EndGlobalSection
EndGlobal
